
Microsoft Visual Studio Solution File, Format Version 12.00
# Visual Studio 15
Project("{FAE04EC0-301F-11D3-BF4B-00C04F79EFBC}") = "Assembly-CSharp", "Assembly-CSharp.csproj", "{835E9859-8D71-3C6C-0265-BF863C50C987}"
EndProject
Project("{FAE04EC0-301F-11D3-BF4B-00C04F79EFBC}") = "Assembly-CSharp-Editor", "Assembly-CSharp-Editor.csproj", "{7B2EB4F0-9DEE-9DBA-F1BB-652722FE8D7D}"
EndProject
Global
	GlobalSection(SolutionConfigurationPlatforms) = preSolution
		Debug|Any CPU = Debug|Any CPU
		Release|Any CPU = Release|Any CPU
	EndGlobalSection
	GlobalSection(ProjectConfigurationPlatforms) = postSolution
		{835E9859-8D71-3C6C-0265-BF863C50C987}.Debug|Any CPU.ActiveCfg = Debug|Any CPU
		{835E9859-8D71-3C6C-0265-BF863C50C987}.Debug|Any CPU.Build.0 = Debug|Any CPU
		{835E9859-8D71-3C6C-0265-BF863C50C987}.Release|Any CPU.ActiveCfg = Release|Any CPU
		{835E9859-8D71-3C6C-0265-BF863C50C987}.Release|Any CPU.Build.0 = Release|Any CPU
		{7B2EB4F0-9DEE-9DBA-F1BB-652722FE8D7D}.Debug|Any CPU.ActiveCfg = Debug|Any CPU
		{7B2EB4F0-9DEE-9DBA-F1BB-652722FE8D7D}.Debug|Any CPU.Build.0 = Debug|Any CPU
		{7B2EB4F0-9DEE-9DBA-F1BB-652722FE8D7D}.Release|Any CPU.ActiveCfg = Release|Any CPU
		{7B2EB4F0-9DEE-9DBA-F1BB-652722FE8D7D}.Release|Any CPU.Build.0 = Release|Any CPU
	EndGlobalSection
	GlobalSection(SolutionProperties) = preSolution
		HideSolutionNode = FALSE
	EndGlobalSection
EndGlobal
